
Microsoft Visual Studio Solution File, Format Version 12.00
# Visual Studio Version 17
VisualStudioVersion = 17.10.35013.160
MinimumVisualStudioVersion = 10.0.40219.1
Project("{FAE04EC0-301F-11D3-BF4B-00C04F79EFBC}") = "OnSales.Common", "OnSales.Common\OnSales.Common.csproj", "{B52590AA-62D6-4375-8FE0-0FF00B653EA9}"
EndProject
Project("{FAE04EC0-301F-11D3-BF4B-00C04F79EFBC}") = "OnSales.Web", "OnSales.Web\OnSales.Web.csproj", "{53029E33-7D93-4BA2-AAFE-08FAF8AF2F59}"
EndProject
Global
	GlobalSection(SolutionConfigurationPlatforms) = preSolution
		Debug|Any CPU = Debug|Any CPU
		Release|Any CPU = Release|Any CPU
	EndGlobalSection
	GlobalSection(ProjectConfigurationPlatforms) = postSolution
		{B52590AA-62D6-4375-8FE0-0FF00B653EA9}.Debug|Any CPU.ActiveCfg = Debug|Any CPU
		{B52590AA-62D6-4375-8FE0-0FF00B653EA9}.Debug|Any CPU.Build.0 = Debug|Any CPU
		{B52590AA-62D6-4375-8FE0-0FF00B653EA9}.Release|Any CPU.ActiveCfg = Release|Any CPU
		{B52590AA-62D6-4375-8FE0-0FF00B653EA9}.Release|Any CPU.Build.0 = Release|Any CPU
		{53029E33-7D93-4BA2-AAFE-08FAF8AF2F59}.Debug|Any CPU.ActiveCfg = Debug|Any CPU
		{53029E33-7D93-4BA2-AAFE-08FAF8AF2F59}.Debug|Any CPU.Build.0 = Debug|Any CPU
		{53029E33-7D93-4BA2-AAFE-08FAF8AF2F59}.Release|Any CPU.ActiveCfg = Release|Any CPU
		{53029E33-7D93-4BA2-AAFE-08FAF8AF2F59}.Release|Any CPU.Build.0 = Release|Any CPU
	EndGlobalSection
	GlobalSection(SolutionProperties) = preSolution
		HideSolutionNode = FALSE
	EndGlobalSection
	GlobalSection(ExtensibilityGlobals) = postSolution
		SolutionGuid = {1CF655B1-B62A-451E-9C1A-D7DE49DEF901}
	EndGlobalSection
EndGlobal
